
Microsoft Visual Studio Solution File, Format Version 12.00
# Visual Studio Version 17
VisualStudioVersion = 17.0.31919.166
MinimumVisualStudioVersion = 10.0.40219.1
Project("{9A19103F-16F7-4668-BE54-9A1E7A4F7556}") = "EmployeeAttendece", "EmployeeAttendece\EmployeeAttendece.csproj", "{2CADA43D-D53D-4D7D-AEC2-86735A02CD7A}"
EndProject
Project("{9A19103F-16F7-4668-BE54-9A1E7A4F7556}") = "WagesTillCondition", "WagesTillCondition\WagesTillCondition.csproj", "{2F7986C3-D116-4E49-8AEE-91CF659A45CC}"
EndProject
Project("{FAE04EC0-301F-11D3-BF4B-00C04F79EFBC}") = "DailyEmpWage", "DailyEmpWage\DailyEmpWage.csproj", "{9049C2D4-C58A-4C79-B0C2-CDE3E68F9E84}"
EndProject
Project("{FAE04EC0-301F-11D3-BF4B-00C04F79EFBC}") = "PartTimeWage", "PartTimeWage\PartTimeWage.csproj", "{BE5B106C-2ADC-400A-8416-CCC39830E8E1}"
EndProject
Project("{FAE04EC0-301F-11D3-BF4B-00C04F79EFBC}") = "SwitchCase", "SwitchCase\SwitchCase.csproj", "{3A232C34-8752-4079-8DD3-F930B36F247F}"
EndProject
Project("{FAE04EC0-301F-11D3-BF4B-00C04F79EFBC}") = "WagesForMonth", "WagesForMonth\WagesForMonth.csproj", "{BA072964-92A1-49E3-BDC7-8A027C5C3E3A}"
EndProject
Global
	GlobalSection(SolutionConfigurationPlatforms) = preSolution
		Debug|Any CPU = Debug|Any CPU
		Release|Any CPU = Release|Any CPU
	EndGlobalSection
	GlobalSection(ProjectConfigurationPlatforms) = postSolution
		{2CADA43D-D53D-4D7D-AEC2-86735A02CD7A}.Debug|Any CPU.ActiveCfg = Debug|Any CPU
		{2CADA43D-D53D-4D7D-AEC2-86735A02CD7A}.Debug|Any CPU.Build.0 = Debug|Any CPU
		{2CADA43D-D53D-4D7D-AEC2-86735A02CD7A}.Release|Any CPU.ActiveCfg = Release|Any CPU
		{2CADA43D-D53D-4D7D-AEC2-86735A02CD7A}.Release|Any CPU.Build.0 = Release|Any CPU
		{2F7986C3-D116-4E49-8AEE-91CF659A45CC}.Debug|Any CPU.ActiveCfg = Debug|Any CPU
		{2F7986C3-D116-4E49-8AEE-91CF659A45CC}.Debug|Any CPU.Build.0 = Debug|Any CPU
		{2F7986C3-D116-4E49-8AEE-91CF659A45CC}.Release|Any CPU.ActiveCfg = Release|Any CPU
		{2F7986C3-D116-4E49-8AEE-91CF659A45CC}.Release|Any CPU.Build.0 = Release|Any CPU
		{9049C2D4-C58A-4C79-B0C2-CDE3E68F9E84}.Debug|Any CPU.ActiveCfg = Debug|Any CPU
		{9049C2D4-C58A-4C79-B0C2-CDE3E68F9E84}.Debug|Any CPU.Build.0 = Debug|Any CPU
		{9049C2D4-C58A-4C79-B0C2-CDE3E68F9E84}.Release|Any CPU.ActiveCfg = Release|Any CPU
		{9049C2D4-C58A-4C79-B0C2-CDE3E68F9E84}.Release|Any CPU.Build.0 = Release|Any CPU
		{BE5B106C-2ADC-400A-8416-CCC39830E8E1}.Debug|Any CPU.ActiveCfg = Debug|Any CPU
		{BE5B106C-2ADC-400A-8416-CCC39830E8E1}.Debug|Any CPU.Build.0 = Debug|Any CPU
		{BE5B106C-2ADC-400A-8416-CCC39830E8E1}.Release|Any CPU.ActiveCfg = Release|Any CPU
		{BE5B106C-2ADC-400A-8416-CCC39830E8E1}.Release|Any CPU.Build.0 = Release|Any CPU
		{3A232C34-8752-4079-8DD3-F930B36F247F}.Debug|Any CPU.ActiveCfg = Debug|Any CPU
		{3A232C34-8752-4079-8DD3-F930B36F247F}.Debug|Any CPU.Build.0 = Debug|Any CPU
		{3A232C34-8752-4079-8DD3-F930B36F247F}.Release|Any CPU.ActiveCfg = Release|Any CPU
		{3A232C34-8752-4079-8DD3-F930B36F247F}.Release|Any CPU.Build.0 = Release|Any CPU
		{BA072964-92A1-49E3-BDC7-8A027C5C3E3A}.Debug|Any CPU.ActiveCfg = Debug|Any CPU
		{BA072964-92A1-49E3-BDC7-8A027C5C3E3A}.Debug|Any CPU.Build.0 = Debug|Any CPU
		{BA072964-92A1-49E3-BDC7-8A027C5C3E3A}.Release|Any CPU.ActiveCfg = Release|Any CPU
		{BA072964-92A1-49E3-BDC7-8A027C5C3E3A}.Release|Any CPU.Build.0 = Release|Any CPU
	EndGlobalSection
	GlobalSection(SolutionProperties) = preSolution
		HideSolutionNode = FALSE
	EndGlobalSection
	GlobalSection(ExtensibilityGlobals) = postSolution
		SolutionGuid = {F725886D-ACCD-4CD1-AA07-CA7B6411F936}
	EndGlobalSection
EndGlobal
